<?xml version="1.0" encoding="utf-8"?>
<Project ToolsVersion="4.0" xmlns="http://schemas.microsoft.com/developer/msbuild/2003">
  <ItemGroup>
    <ClCompile Include="Animated.cpp" />
    <ClCompile Include="Arrow.cpp" />
    <ClCompile Include="Damageable.cpp" />
    <ClCompile Include="DebugDrawer.cpp" />
    <ClCompile Include="DistanceHelper.cpp" />
    <ClCompile Include="Enemy.cpp" />
    <ClCompile Include="EnemyParams.cpp" />
    <ClCompile Include="FileReadingController.cpp" />
    <ClCompile Include="FlyingObject.cpp" />
    <ClCompile Include="FlyingObjectFactory.cpp" />
    <ClCompile Include="GameControllerImplementation.cpp" />
    <ClCompile Include="EnemyFactory.cpp" />
    <ClCompile Include="GameEnemyControllerImplementation.cpp" />
    <ClCompile Include="GameMapController.cpp" />
    <ClCompile Include="GameObjectsHolderImplementation.cpp" />
    <ClCompile Include="GameTexturesHolder.cpp" />
    <ClCompile Include="GameViewImplementation.cpp" />
    <ClCompile Include="Keys.cpp" />
    <ClCompile Include="Log.cpp" />
    <ClCompile Include="MainController.cpp" />
    <ClCompile Include="GameMap.cpp" />
    <ClCompile Include="Moveable.cpp" />
    <ClCompile Include="MusicControllerImplementation.cpp" />
    <ClCompile Include="Object.cpp" />
    <ClCompile Include="Player.cpp" />
    <ClCompile Include="Projekt.cpp" />
    <ClCompile Include="RandomMoveControllerImplementation.cpp" />
    <ClCompile Include="SoundController.cpp" />
    <ClCompile Include="SoundControllerImplementation.cpp" />
    <ClCompile Include="stdafx.cpp" />
    <ClCompile Include="Warrior.cpp" />
    <ClCompile Include="WildDog.cpp" />
    <ClCompile Include="MenuViewImplementation.cpp" />
    <ClCompile Include="MenuControllerImplementation.cpp" />
    <ClCompile Include="SettingsViewImplementation.cpp" />
    <ClCompile Include="SettingsManagerImplementation.cpp" />
    <ClCompile Include="SettingsControllerImplementation.cpp" />
    <ClCompile Include="SettingsGeneratorImplementation.cpp" />
  </ItemGroup>
  <ItemGroup>
    <ClInclude Include="Animated.h" />
    <ClInclude Include="Arrow.h" />
    <ClInclude Include="Damageable.h" />
    <ClInclude Include="DebugDrawer.h" />
    <ClInclude Include="DistanceHelper.h" />
    <ClInclude Include="Enemy.h" />
    <ClInclude Include="EnemyParams.h" />
    <ClInclude Include="FileReadingController.h" />
    <ClInclude Include="FlyingObject.h" />
    <ClInclude Include="FlyingObjectFactory.h" />
    <ClInclude Include="GameControllerImplementation.h" />
    <ClInclude Include="EnemyFactory.h" />
    <ClInclude Include="GameEnemyController.h" />
    <ClInclude Include="GameEnemyControllerImplementation.h" />
    <ClInclude Include="GameMapController.h" />
    <ClInclude Include="GameObjectsHolderImplementation.h" />
    <ClInclude Include="GameObjectHolder.h" />
    <ClInclude Include="GameTexturesHolder.h" />
    <ClInclude Include="GameViewImplementation.h" />
    <ClInclude Include="GameController.h" />
    <ClInclude Include="GameView.h" />
    <ClInclude Include="Keys.h" />
    <ClInclude Include="Log.h" />
    <ClInclude Include="MainController.h" />
    <ClInclude Include="GameMap.h" />
    <ClInclude Include="Moveable.h" />
    <ClInclude Include="MusicController.h" />
    <ClInclude Include="MusicControllerImplementation.h" />
    <ClInclude Include="Object.h" />
    <ClInclude Include="Player.h" />
    <ClInclude Include="RandomMoveController.h" />
    <ClInclude Include="RandomMoveControllerImplementation.h" />
    <ClInclude Include="SoundController.h" />
    <ClInclude Include="SoundControllerImplementation.h" />
    <ClInclude Include="stdafx.h" />
    <ClInclude Include="targetver.h" />
    <ClInclude Include="Warrior.h" />
    <ClInclude Include="WildDog.h" />
    <ClInclude Include="MenuView.h" />
    <ClInclude Include="MenuViewImplementation.h" />
    <ClInclude Include="MenuController.h" />
    <ClInclude Include="MenuControllerImplementation.h" />
    <ClInclude Include="SettingsView.h" />
    <ClInclude Include="SettingsViewImplementation.h" />
    <ClInclude Include="SettingsManager.h" />
    <ClInclude Include="SettingsManagerImplementation.h" />
    <ClInclude Include="SettingsControllerImplementation.h" />
    <ClInclude Include="SettingsController.h" />
    <ClInclude Include="SettingsGenerator.h" />
    <ClInclude Include="SettingsGeneratorImplementation.h" />
  </ItemGroup>
</Project>