<?xml version="1.0" encoding="utf-8"?>
<Project ToolsVersion="4.0" xmlns="http://schemas.microsoft.com/developer/msbuild/2003">
  <ItemGroup>
    <Filter Include="Game">
      <UniqueIdentifier>{24dfbe28-e9d5-414f-b746-cbdaa37c8c43}</UniqueIdentifier>
    </Filter>
    <Filter Include="General">
      <UniqueIdentifier>{86ee7e13-c2a4-47b5-8298-2cbdcd3fb54a}</UniqueIdentifier>
    </Filter>
    <Filter Include="Helpers">
      <UniqueIdentifier>{474237ea-f283-40fa-9bcf-1c042d1d6282}</UniqueIdentifier>
    </Filter>
    <Filter Include="Sounds">
      <UniqueIdentifier>{ebb673fc-9e18-4854-9dcf-4a5857d51b00}</UniqueIdentifier>
    </Filter>
    <Filter Include="Main">
      <UniqueIdentifier>{c0d422ed-461b-464b-9dfd-b4ca4ebb9bc1}</UniqueIdentifier>
    </Filter>
    <Filter Include="Menu">
      <UniqueIdentifier>{8538298d-635b-4139-a806-288c1e1bee5b}</UniqueIdentifier>
    </Filter>
    <Filter Include="Settings">
      <UniqueIdentifier>{49f135a5-991e-4536-9cc5-99cc9f1edcfe}</UniqueIdentifier>
    </Filter>
    <Filter Include="Headers">
      <UniqueIdentifier>{d3994a2e-574d-426b-ada1-8cd2c3b5cab4}</UniqueIdentifier>
    </Filter>
    <Filter Include="Enemy">
      <UniqueIdentifier>{d674f766-e92f-4488-ae23-ff9ee7e2565b}</UniqueIdentifier>
    </Filter>
    <Filter Include="AbstractModels">
      <UniqueIdentifier>{581a2e83-845d-48e6-b123-292f3d5040af}</UniqueIdentifier>
    </Filter>
    <Filter Include="Models">
      <UniqueIdentifier>{3afd9d1c-48bd-4a71-83f0-c6e932625879}</UniqueIdentifier>
    </Filter>
  </ItemGroup>
  <ItemGroup>
    <ClInclude Include="GameControllerImplementation.h">
      <Filter>Game</Filter>
    </ClInclude>
    <ClInclude Include="GameMapController.h">
      <Filter>Game</Filter>
    </ClInclude>
    <ClInclude Include="GameTexturesHolder.h">
      <Filter>Game</Filter>
    </ClInclude>
    <ClInclude Include="GameViewImplementation.h">
      <Filter>Game</Filter>
    </ClInclude>
    <ClInclude Include="GameController.h">
      <Filter>Game</Filter>
    </ClInclude>
    <ClInclude Include="GameView.h">
      <Filter>Game</Filter>
    </ClInclude>
    <ClInclude Include="GameMap.h">
      <Filter>Game</Filter>
    </ClInclude>
    <ClInclude Include="Animated.h">
      <Filter>AbstractModels</Filter>
    </ClInclude>
    <ClInclude Include="Damageable.h">
      <Filter>AbstractModels</Filter>
    </ClInclude>
    <ClInclude Include="Enemy.h">
      <Filter>AbstractModels</Filter>
    </ClInclude>
    <ClInclude Include="FlyingObject.h">
      <Filter>AbstractModels</Filter>
    </ClInclude>
    <ClInclude Include="Moveable.h">
      <Filter>AbstractModels</Filter>
    </ClInclude>
    <ClInclude Include="Object.h">
      <Filter>AbstractModels</Filter>
    </ClInclude>
    <ClInclude Include="Player.h">
      <Filter>AbstractModels</Filter>
    </ClInclude>
    <ClInclude Include="DistanceHelper.h">
      <Filter>Helpers</Filter>
    </ClInclude>
    <ClInclude Include="Arrow.h">
      <Filter>Models</Filter>
    </ClInclude>
    <ClInclude Include="Keys.h">
      <Filter>General</Filter>
    </ClInclude>
    <ClInclude Include="Log.h">
      <Filter>General</Filter>
    </ClInclude>
    <ClInclude Include="GameObjectHolder.h">
      <Filter>Game</Filter>
    </ClInclude>
    <ClInclude Include="GameObjectsHolderImplementation.h">
      <Filter>Game</Filter>
    </ClInclude>
    <ClInclude Include="GameEnemyController.h">
      <Filter>Game</Filter>
    </ClInclude>
    <ClInclude Include="GameEnemyControllerImplementation.h">
      <Filter>Game</Filter>
    </ClInclude>
    <ClInclude Include="WildDog.h">
      <Filter>Models</Filter>
    </ClInclude>
    <ClInclude Include="GameEntityDataHolder.h">
      <Filter>Game</Filter>
    </ClInclude>
    <ClInclude Include="SpawnArea.h" />
    <ClInclude Include="FlyingObjectFactory.h" />
    <ClInclude Include="FileReadingController.h" />
    <ClInclude Include="DebugDrawer.h" />
    <ClInclude Include="MusicController.h">
      <Filter>Sounds</Filter>
    </ClInclude>
    <ClInclude Include="MusicControllerImplementation.h">
      <Filter>Sounds</Filter>
    </ClInclude>
    <ClInclude Include="MenuControllerImplementation.h">
      <Filter>Menu</Filter>
    </ClInclude>
    <ClInclude Include="MenuView.h">
      <Filter>Menu</Filter>
    </ClInclude>
    <ClInclude Include="MenuViewImplementation.h">
      <Filter>Menu</Filter>
    </ClInclude>
    <ClInclude Include="MenuController.h">
      <Filter>Menu</Filter>
    </ClInclude>
    <ClInclude Include="MainController.h">
      <Filter>Main</Filter>
    </ClInclude>
    <ClInclude Include="SettingsController.h">
      <Filter>Settings</Filter>
    </ClInclude>
    <ClInclude Include="SettingsControllerImplementation.h">
      <Filter>Settings</Filter>
    </ClInclude>
    <ClInclude Include="SettingsGenerator.h">
      <Filter>Settings</Filter>
    </ClInclude>
    <ClInclude Include="SettingsGeneratorImplementation.h">
      <Filter>Settings</Filter>
    </ClInclude>
    <ClInclude Include="SettingsManager.h">
      <Filter>Settings</Filter>
    </ClInclude>
    <ClInclude Include="SettingsManagerImplementation.h">
      <Filter>Settings</Filter>
    </ClInclude>
    <ClInclude Include="SettingsView.h">
      <Filter>Settings</Filter>
    </ClInclude>
    <ClInclude Include="SettingsViewImplementation.h">
      <Filter>Settings</Filter>
    </ClInclude>
    <ClInclude Include="SoundControllerImplementation.h">
      <Filter>Sounds</Filter>
    </ClInclude>
    <ClInclude Include="SoundController.h">
      <Filter>Sounds</Filter>
    </ClInclude>
    <ClInclude Include="Warrior.h">
      <Filter>Models</Filter>
    </ClInclude>
    <ClInclude Include="targetver.h">
      <Filter>Headers</Filter>
    </ClInclude>
    <ClInclude Include="stdafx.h">
      <Filter>Headers</Filter>
    </ClInclude>
    <ClInclude Include="EnemyParams.h">
      <Filter>Enemy</Filter>
    </ClInclude>
    <ClInclude Include="EnemyFactory.h">
      <Filter>Enemy</Filter>
    </ClInclude>
    <ClInclude Include="RandomMoveController.h">
      <Filter>Enemy</Filter>
    </ClInclude>
    <ClInclude Include="RandomMoveControllerImplementation.h">
      <Filter>Enemy</Filter>
    </ClInclude>
  </ItemGroup>
  <ItemGroup>
    <ClCompile Include="GameViewImplementation.cpp">
      <Filter>Game</Filter>
    </ClCompile>
    <ClCompile Include="GameTexturesHolder.cpp">
      <Filter>Game</Filter>
    </ClCompile>
    <ClCompile Include="GameObjectsHolderImplementation.cpp">
      <Filter>Game</Filter>
    </ClCompile>
    <ClCompile Include="GameMapController.cpp">
      <Filter>Game</Filter>
    </ClCompile>
    <ClCompile Include="GameEntityDataHolder.cpp">
      <Filter>Game</Filter>
    </ClCompile>
    <ClCompile Include="GameMap.cpp">
      <Filter>Game</Filter>
    </ClCompile>
    <ClCompile Include="GameEnemyControllerImplementation.cpp">
      <Filter>Game</Filter>
    </ClCompile>
    <ClCompile Include="GameControllerImplementation.cpp">
      <Filter>Game</Filter>
    </ClCompile>
    <ClCompile Include="Keys.cpp">
      <Filter>General</Filter>
    </ClCompile>
    <ClCompile Include="Log.cpp">
      <Filter>General</Filter>
    </ClCompile>
    <ClCompile Include="DistanceHelper.cpp">
      <Filter>Helpers</Filter>
    </ClCompile>
    <ClCompile Include="Player.cpp">
      <Filter>AbstractModels</Filter>
    </ClCompile>
    <ClCompile Include="Object.cpp">
      <Filter>AbstractModels</Filter>
    </ClCompile>
    <ClCompile Include="Moveable.cpp">
      <Filter>AbstractModels</Filter>
    </ClCompile>
    <ClCompile Include="FlyingObject.cpp">
      <Filter>AbstractModels</Filter>
    </ClCompile>
    <ClCompile Include="Enemy.cpp">
      <Filter>AbstractModels</Filter>
    </ClCompile>
    <ClCompile Include="Damageable.cpp">
      <Filter>AbstractModels</Filter>
    </ClCompile>
    <ClCompile Include="Animated.cpp">
      <Filter>AbstractModels</Filter>
    </ClCompile>
    <ClCompile Include="Arrow.cpp">
      <Filter>Models</Filter>
    </ClCompile>
    <ClCompile Include="DebugDrawer.cpp" />
    <ClCompile Include="SpawnArea.cpp" />
    <ClCompile Include="FlyingObjectFactory.cpp" />
    <ClCompile Include="FileReadingController.cpp" />
    <ClCompile Include="MusicControllerImplementation.cpp">
      <Filter>Sounds</Filter>
    </ClCompile>
    <ClCompile Include="Projekt.cpp">
      <Filter>Main</Filter>
    </ClCompile>
    <ClCompile Include="MenuViewImplementation.cpp">
      <Filter>Menu</Filter>
    </ClCompile>
    <ClCompile Include="MenuControllerImplementation.cpp">
      <Filter>Menu</Filter>
    </ClCompile>
    <ClCompile Include="MainController.cpp">
      <Filter>Main</Filter>
    </ClCompile>
    <ClCompile Include="SettingsControllerImplementation.cpp">
      <Filter>Settings</Filter>
    </ClCompile>
    <ClCompile Include="SettingsGeneratorImplementation.cpp">
      <Filter>Settings</Filter>
    </ClCompile>
    <ClCompile Include="SettingsManagerImplementation.cpp">
      <Filter>Settings</Filter>
    </ClCompile>
    <ClCompile Include="SettingsViewImplementation.cpp">
      <Filter>Settings</Filter>
    </ClCompile>
    <ClCompile Include="SoundControllerImplementation.cpp">
      <Filter>Sounds</Filter>
    </ClCompile>
    <ClCompile Include="SoundController.cpp">
      <Filter>Sounds</Filter>
    </ClCompile>
    <ClCompile Include="WildDog.cpp">
      <Filter>Models</Filter>
    </ClCompile>
    <ClCompile Include="Warrior.cpp">
      <Filter>Models</Filter>
    </ClCompile>
    <ClCompile Include="stdafx.cpp">
      <Filter>Headers</Filter>
    </ClCompile>
    <ClCompile Include="EnemyParams.cpp">
      <Filter>Enemy</Filter>
    </ClCompile>
    <ClCompile Include="EnemyFactory.cpp">
      <Filter>Enemy</Filter>
    </ClCompile>
    <ClCompile Include="RandomMoveControllerImplementation.cpp">
      <Filter>Enemy</Filter>
    </ClCompile>
  </ItemGroup>
</Project>